
Microsoft Visual Studio Solution File, Format Version 12.00
# Visual Studio Version 16
VisualStudioVersion = 16.0.31515.178
MinimumVisualStudioVersion = 10.0.40219.1
Project("{9A19103F-16F7-4668-BE54-9A1E7A4F7556}") = "HotelBooking.API", "HotelBooking.API\HotelBooking.API.csproj", "{1464D7AE-F682-49B2-B8FB-5CA1E8579905}"
EndProject
Project("{9A19103F-16F7-4668-BE54-9A1E7A4F7556}") = "HotelBooking.Data", "HotelBooking.Data\HotelBooking.Data.csproj", "{EE94A303-D4A4-402E-B002-ABFAF2985B8C}"
EndProject
Project("{9A19103F-16F7-4668-BE54-9A1E7A4F7556}") = "HotelBooking.Models", "HotelBooking.Model\HotelBooking.Models.csproj", "{A7E84190-1651-412F-BEB5-39CA5A62FA70}"
EndProject
Global
	GlobalSection(SolutionConfigurationPlatforms) = preSolution
		Debug|Any CPU = Debug|Any CPU
		Release|Any CPU = Release|Any CPU
	EndGlobalSection
	GlobalSection(ProjectConfigurationPlatforms) = postSolution
		{1464D7AE-F682-49B2-B8FB-5CA1E8579905}.Debug|Any CPU.ActiveCfg = Debug|Any CPU
		{1464D7AE-F682-49B2-B8FB-5CA1E8579905}.Debug|Any CPU.Build.0 = Debug|Any CPU
		{1464D7AE-F682-49B2-B8FB-5CA1E8579905}.Release|Any CPU.ActiveCfg = Release|Any CPU
		{1464D7AE-F682-49B2-B8FB-5CA1E8579905}.Release|Any CPU.Build.0 = Release|Any CPU
		{EE94A303-D4A4-402E-B002-ABFAF2985B8C}.Debug|Any CPU.ActiveCfg = Debug|Any CPU
		{EE94A303-D4A4-402E-B002-ABFAF2985B8C}.Debug|Any CPU.Build.0 = Debug|Any CPU
		{EE94A303-D4A4-402E-B002-ABFAF2985B8C}.Release|Any CPU.ActiveCfg = Release|Any CPU
		{EE94A303-D4A4-402E-B002-ABFAF2985B8C}.Release|Any CPU.Build.0 = Release|Any CPU
		{A7E84190-1651-412F-BEB5-39CA5A62FA70}.Debug|Any CPU.ActiveCfg = Debug|Any CPU
		{A7E84190-1651-412F-BEB5-39CA5A62FA70}.Debug|Any CPU.Build.0 = Debug|Any CPU
		{A7E84190-1651-412F-BEB5-39CA5A62FA70}.Release|Any CPU.ActiveCfg = Release|Any CPU
		{A7E84190-1651-412F-BEB5-39CA5A62FA70}.Release|Any CPU.Build.0 = Release|Any CPU
	EndGlobalSection
	GlobalSection(SolutionProperties) = preSolution
		HideSolutionNode = FALSE
	EndGlobalSection
	GlobalSection(ExtensibilityGlobals) = postSolution
		SolutionGuid = {8DB2C095-039B-44DC-B956-C224DB0C6A7D}
	EndGlobalSection
EndGlobal
